
Microsoft Visual Studio Solution File, Format Version 12.00
# Visual Studio 15
VisualStudioVersion = 15.0.28307.1800
MinimumVisualStudioVersion = 10.0.40219.1
Project("{FAE04EC0-301F-11D3-BF4B-00C04F79EFBC}") = "Medo.Client", "Medo.Client\Medo.Client\Medo.Client\Medo.Client.csproj", "{3515F0BD-65A4-48A4-9032-BF75AC54F76A}"
EndProject
Project("{2150E333-8FDC-42A3-9474-1A3956D46DE8}") = "Modules", "Modules", "{F88FB1D5-FB03-4665-9973-580A0B627F60}"
EndProject
Project("{FAE04EC0-301F-11D3-BF4B-00C04F79EFBC}") = "TabViewModule", "Modules\TabViewModule\TabViewModule.csproj", "{71E35624-61DB-4DC0-A355-256B5AB3796B}"
EndProject
Project("{FAE04EC0-301F-11D3-BF4B-00C04F79EFBC}") = "Medo.Helpers", "Medo.Helpers\Medo.Helpers.csproj", "{C5959883-A1F1-47F5-B44B-6ED301091BA0}"
EndProject
Project("{FAE04EC0-301F-11D3-BF4B-00C04F79EFBC}") = "WcfModule", "Modules\WcfModule\WcfModule.csproj", "{59EB4286-2A2C-457A-BB2E-C0B06CEBC341}"
EndProject
Project("{FAE04EC0-301F-11D3-BF4B-00C04F79EFBC}") = "TrayInfoModule", "Modules\TrayInfoModule\TrayInfoModule.csproj", "{CCAD03D5-0206-4778-8235-37252A21D861}"
EndProject
Project("{FAE04EC0-301F-11D3-BF4B-00C04F79EFBC}") = "CardEditorModule", "Modules\CardEditorModule\CardEditorModule.csproj", "{F8C7AC45-56CE-491E-9462-9426E130BCC5}"
	ProjectSection(ProjectDependencies) = postProject
		{C5959883-A1F1-47F5-B44B-6ED301091BA0} = {C5959883-A1F1-47F5-B44B-6ED301091BA0}
		{84E844D8-B068-4B67-B088-3F5A71F3D51D} = {84E844D8-B068-4B67-B088-3F5A71F3D51D}
	EndProjectSection
EndProject
Project("{FAE04EC0-301F-11D3-BF4B-00C04F79EFBC}") = "PdfViewerModule", "Modules\PdfViewerModule\PdfViewerModule.csproj", "{26EEDCDB-44F2-4E09-9E7F-8E54DC37F3EC}"
EndProject
Project("{2150E333-8FDC-42A3-9474-1A3956D46DE8}") = "Controls", "Controls", "{E3C5A9C7-F0F9-442A-8332-4F7C4CD915EB}"
EndProject
Project("{FAE04EC0-301F-11D3-BF4B-00C04F79EFBC}") = "DocumentsUploaderModule", "Modules\DocumentsUploaderModule\DocumentsUploaderModule.csproj", "{52130EB7-2F63-4B1D-BE4B-622FDD688683}"
EndProject
Project("{FAE04EC0-301F-11D3-BF4B-00C04F79EFBC}") = "Medo.XmlCardCreator", "Medo.XmlCardCreator\Medo.XmlCardCreator.csproj", "{95CBE637-73A5-4167-9011-86E1EF232846}"
EndProject
Project("{FAE04EC0-301F-11D3-BF4B-00C04F79EFBC}") = "Medo.Client.Collections", "Medo.Client.Collections\Medo.Client.Collections.csproj", "{3804C137-2724-48DE-B328-A842B08B3F60}"
EndProject
Project("{FAE04EC0-301F-11D3-BF4B-00C04F79EFBC}") = "ClientUpdateModule", "Modules\ClientUpdateModule\ClientUpdateModule.csproj", "{8A44C11D-987C-4A8F-95F0-CE03C83E3D2B}"
EndProject
Project("{FAE04EC0-301F-11D3-BF4B-00C04F79EFBC}") = "Medo.ImageResources", "Medo.ImageResources\Medo.ImageResources.csproj", "{C21E8285-AF7F-4309-BD35-A699E2D63090}"
EndProject
Project("{FAE04EC0-301F-11D3-BF4B-00C04F79EFBC}") = "Medo.Client.Notifications", "Medo.Client.Notifications\Medo.Client.Notifications.csproj", "{C6B88AE2-088C-4521-BDC6-ED3B80B63CF1}"
EndProject
Project("{FAE04EC0-301F-11D3-BF4B-00C04F79EFBC}") = "Medo.Client.SedRegistration", "Medo.Client.SedRegistration\Medo.Client.SedRegistration.csproj", "{0FF938A7-D31D-4159-A303-40E7CF37E231}"
EndProject
Project("{2150E333-8FDC-42A3-9474-1A3956D46DE8}") = "SedRegistration", "SedRegistration", "{8ED38EB9-429B-4732-8FFB-71B8E187E8C5}"
EndProject
Project("{FAE04EC0-301F-11D3-BF4B-00C04F79EFBC}") = "SedRegistrationTest", "Medo.Client.SedRegistration\SedRegistrationTest\SedRegistrationTest.csproj", "{282DD861-50BF-46DE-B7F0-EFEF74C10ACA}"
EndProject
Project("{2150E333-8FDC-42A3-9474-1A3956D46DE8}") = "Tests", "Tests", "{71951F05-05A1-4A71-94AC-21C3EC21AC31}"
EndProject
Project("{FAE04EC0-301F-11D3-BF4B-00C04F79EFBC}") = "MedoIntegrationWcfTest", "Test\MedoIntegrationWcfTest\MedoIntegrationWcfTest.csproj", "{9D49EFD8-CD2F-4CB3-A03A-A0DC753481E6}"
EndProject
Project("{FAE04EC0-301F-11D3-BF4B-00C04F79EFBC}") = "Medo.Client.GlobalCommands", "Medo.Client.GlobalCommands\Medo.Client.GlobalCommands.csproj", "{C64D665A-52EB-4435-9A4F-DE37C9918049}"
EndProject
Project("{2150E333-8FDC-42A3-9474-1A3956D46DE8}") = "Updater", "Updater", "{0C8FE01F-E3DE-404D-A68F-F47E36C240DF}"
EndProject
Project("{2150E333-8FDC-42A3-9474-1A3956D46DE8}") = "Other", "Other", "{25EA85A0-C280-47DF-998C-0C5FBF4AF65D}"
EndProject
Project("{2150E333-8FDC-42A3-9474-1A3956D46DE8}") = "Client", "Client", "{B494CEC7-E45D-4ADA-B7A3-F54A30A39BFC}"
EndProject
Project("{FAE04EC0-301F-11D3-BF4B-00C04F79EFBC}") = "Medo.Client.Updater.Model", "Updater\Medo.Client.UpdaterModel\Medo.Client.Updater.Model.csproj", "{D3DBF600-0C14-48A2-A5B8-C66C745FCFBE}"
EndProject
Project("{FAE04EC0-301F-11D3-BF4B-00C04F79EFBC}") = "Medo.Client.Updater.XmlConfigurationUpdater", "Updater\Medo.Client.Updater.XmlConfigurationUpdater\Medo.Client.Updater.XmlConfigurationUpdater.csproj", "{D3F42B47-8DAA-467A-90F8-24FBB56440A8}"
EndProject
Project("{FAE04EC0-301F-11D3-BF4B-00C04F79EFBC}") = "Medo.Client.Updater", "Updater\Medo.Client.Updater\Medo.Client.Updater\Medo.Client.Updater.csproj", "{F7165DB3-DDE2-40DB-A3B9-BA04FB235B57}"
EndProject
Project("{FAE04EC0-301F-11D3-BF4B-00C04F79EFBC}") = "ReportsListModule", "Modules\ReportsListModule\ReportsListModule.csproj", "{6726D586-1485-4E94-BAB2-CF8257D23CB2}"
EndProject
Project("{FAE04EC0-301F-11D3-BF4B-00C04F79EFBC}") = "AvallonEditTest", "Test\AvallonEditTest\AvallonEditTest.csproj", "{6624D87B-9C88-4732-94C5-17C1E276F644}"
EndProject
Project("{FAE04EC0-301F-11D3-BF4B-00C04F79EFBC}") = "SelectBox", "Controls\SelectBox\SelectBox.csproj", "{9D99A542-E1A9-464C-AE6F-8F83AFAE09F4}"
EndProject
Project("{FAE04EC0-301F-11D3-BF4B-00C04F79EFBC}") = "Medo.Client.Settings", "Medo.Client.Settings\Medo.Client.Settings.csproj", "{23FE9A4D-D65E-42D6-B797-4B99C80A6733}"
EndProject
Project("{FAE04EC0-301F-11D3-BF4B-00C04F79EFBC}") = "ContactsUpdater", "SupportProjects\ContactsUpdater\ContactsUpdater.csproj", "{B0701A7A-0164-47A0-8F61-023DA06D7D49}"
EndProject
Project("{FAE04EC0-301F-11D3-BF4B-00C04F79EFBC}") = "Medo.XmlCardCreator.UnitTest", "Test\XmlCardTests\Medo.XmlCardCreator.UnitTest.csproj", "{AF9ADB59-2282-4D3B-BC93-30FADAB3407E}"
EndProject
Project("{FAE04EC0-301F-11D3-BF4B-00C04F79EFBC}") = "Medo.Core", "..\Medo.Core\Medo.Core.csproj", "{84E844D8-B068-4B67-B088-3F5A71F3D51D}"
EndProject
Project("{FAE04EC0-301F-11D3-BF4B-00C04F79EFBC}") = "Medo.Settings", "..\Medo.Settings\Medo.Settings.csproj", "{7CE5EAD2-145C-4772-BCC2-919AE5ED9082}"
EndProject
Global
	GlobalSection(SolutionConfigurationPlatforms) = preSolution
		Debug|Any CPU = Debug|Any CPU
		Release|Any CPU = Release|Any CPU
	EndGlobalSection
	GlobalSection(ProjectConfigurationPlatforms) = postSolution
		{3515F0BD-65A4-48A4-9032-BF75AC54F76A}.Debug|Any CPU.ActiveCfg = Debug|Any CPU
		{3515F0BD-65A4-48A4-9032-BF75AC54F76A}.Debug|Any CPU.Build.0 = Debug|Any CPU
		{3515F0BD-65A4-48A4-9032-BF75AC54F76A}.Release|Any CPU.ActiveCfg = Release|Any CPU
		{3515F0BD-65A4-48A4-9032-BF75AC54F76A}.Release|Any CPU.Build.0 = Release|Any CPU
		{71E35624-61DB-4DC0-A355-256B5AB3796B}.Debug|Any CPU.ActiveCfg = Debug|Any CPU
		{71E35624-61DB-4DC0-A355-256B5AB3796B}.Debug|Any CPU.Build.0 = Debug|Any CPU
		{71E35624-61DB-4DC0-A355-256B5AB3796B}.Release|Any CPU.ActiveCfg = Release|Any CPU
		{71E35624-61DB-4DC0-A355-256B5AB3796B}.Release|Any CPU.Build.0 = Release|Any CPU
		{C5959883-A1F1-47F5-B44B-6ED301091BA0}.Debug|Any CPU.ActiveCfg = Debug|Any CPU
		{C5959883-A1F1-47F5-B44B-6ED301091BA0}.Debug|Any CPU.Build.0 = Debug|Any CPU
		{C5959883-A1F1-47F5-B44B-6ED301091BA0}.Release|Any CPU.ActiveCfg = Release|Any CPU
		{C5959883-A1F1-47F5-B44B-6ED301091BA0}.Release|Any CPU.Build.0 = Release|Any CPU
		{59EB4286-2A2C-457A-BB2E-C0B06CEBC341}.Debug|Any CPU.ActiveCfg = Debug|Any CPU
		{59EB4286-2A2C-457A-BB2E-C0B06CEBC341}.Debug|Any CPU.Build.0 = Debug|Any CPU
		{59EB4286-2A2C-457A-BB2E-C0B06CEBC341}.Release|Any CPU.ActiveCfg = Release|Any CPU
		{59EB4286-2A2C-457A-BB2E-C0B06CEBC341}.Release|Any CPU.Build.0 = Release|Any CPU
		{CCAD03D5-0206-4778-8235-37252A21D861}.Debug|Any CPU.ActiveCfg = Debug|Any CPU
		{CCAD03D5-0206-4778-8235-37252A21D861}.Debug|Any CPU.Build.0 = Debug|Any CPU
		{CCAD03D5-0206-4778-8235-37252A21D861}.Release|Any CPU.ActiveCfg = Release|Any CPU
		{CCAD03D5-0206-4778-8235-37252A21D861}.Release|Any CPU.Build.0 = Release|Any CPU
		{F8C7AC45-56CE-491E-9462-9426E130BCC5}.Debug|Any CPU.ActiveCfg = Debug|Any CPU
		{F8C7AC45-56CE-491E-9462-9426E130BCC5}.Debug|Any CPU.Build.0 = Debug|Any CPU
		{F8C7AC45-56CE-491E-9462-9426E130BCC5}.Release|Any CPU.ActiveCfg = Release|Any CPU
		{F8C7AC45-56CE-491E-9462-9426E130BCC5}.Release|Any CPU.Build.0 = Release|Any CPU
		{26EEDCDB-44F2-4E09-9E7F-8E54DC37F3EC}.Debug|Any CPU.ActiveCfg = Debug|Any CPU
		{26EEDCDB-44F2-4E09-9E7F-8E54DC37F3EC}.Debug|Any CPU.Build.0 = Debug|Any CPU
		{26EEDCDB-44F2-4E09-9E7F-8E54DC37F3EC}.Release|Any CPU.ActiveCfg = Release|Any CPU
		{26EEDCDB-44F2-4E09-9E7F-8E54DC37F3EC}.Release|Any CPU.Build.0 = Release|Any CPU
		{52130EB7-2F63-4B1D-BE4B-622FDD688683}.Debug|Any CPU.ActiveCfg = Debug|Any CPU
		{52130EB7-2F63-4B1D-BE4B-622FDD688683}.Debug|Any CPU.Build.0 = Debug|Any CPU
		{52130EB7-2F63-4B1D-BE4B-622FDD688683}.Release|Any CPU.ActiveCfg = Release|Any CPU
		{52130EB7-2F63-4B1D-BE4B-622FDD688683}.Release|Any CPU.Build.0 = Release|Any CPU
		{95CBE637-73A5-4167-9011-86E1EF232846}.Debug|Any CPU.ActiveCfg = Debug|Any CPU
		{95CBE637-73A5-4167-9011-86E1EF232846}.Debug|Any CPU.Build.0 = Debug|Any CPU
		{95CBE637-73A5-4167-9011-86E1EF232846}.Release|Any CPU.ActiveCfg = Release|Any CPU
		{95CBE637-73A5-4167-9011-86E1EF232846}.Release|Any CPU.Build.0 = Release|Any CPU
		{3804C137-2724-48DE-B328-A842B08B3F60}.Debug|Any CPU.ActiveCfg = Debug|Any CPU
		{3804C137-2724-48DE-B328-A842B08B3F60}.Debug|Any CPU.Build.0 = Debug|Any CPU
		{3804C137-2724-48DE-B328-A842B08B3F60}.Release|Any CPU.ActiveCfg = Release|Any CPU
		{3804C137-2724-48DE-B328-A842B08B3F60}.Release|Any CPU.Build.0 = Release|Any CPU
		{8A44C11D-987C-4A8F-95F0-CE03C83E3D2B}.Debug|Any CPU.ActiveCfg = Debug|Any CPU
		{8A44C11D-987C-4A8F-95F0-CE03C83E3D2B}.Debug|Any CPU.Build.0 = Debug|Any CPU
		{8A44C11D-987C-4A8F-95F0-CE03C83E3D2B}.Release|Any CPU.ActiveCfg = Release|Any CPU
		{8A44C11D-987C-4A8F-95F0-CE03C83E3D2B}.Release|Any CPU.Build.0 = Release|Any CPU
		{C21E8285-AF7F-4309-BD35-A699E2D63090}.Debug|Any CPU.ActiveCfg = Debug|Any CPU
		{C21E8285-AF7F-4309-BD35-A699E2D63090}.Debug|Any CPU.Build.0 = Debug|Any CPU
		{C21E8285-AF7F-4309-BD35-A699E2D63090}.Release|Any CPU.ActiveCfg = Release|Any CPU
		{C21E8285-AF7F-4309-BD35-A699E2D63090}.Release|Any CPU.Build.0 = Release|Any CPU
		{C6B88AE2-088C-4521-BDC6-ED3B80B63CF1}.Debug|Any CPU.ActiveCfg = Debug|Any CPU
		{C6B88AE2-088C-4521-BDC6-ED3B80B63CF1}.Debug|Any CPU.Build.0 = Debug|Any CPU
		{C6B88AE2-088C-4521-BDC6-ED3B80B63CF1}.Release|Any CPU.ActiveCfg = Release|Any CPU
		{C6B88AE2-088C-4521-BDC6-ED3B80B63CF1}.Release|Any CPU.Build.0 = Release|Any CPU
		{0FF938A7-D31D-4159-A303-40E7CF37E231}.Debug|Any CPU.ActiveCfg = Debug|Any CPU
		{0FF938A7-D31D-4159-A303-40E7CF37E231}.Debug|Any CPU.Build.0 = Debug|Any CPU
		{0FF938A7-D31D-4159-A303-40E7CF37E231}.Release|Any CPU.ActiveCfg = Release|Any CPU
		{0FF938A7-D31D-4159-A303-40E7CF37E231}.Release|Any CPU.Build.0 = Release|Any CPU
		{282DD861-50BF-46DE-B7F0-EFEF74C10ACA}.Debug|Any CPU.ActiveCfg = Debug|Any CPU
		{282DD861-50BF-46DE-B7F0-EFEF74C10ACA}.Debug|Any CPU.Build.0 = Debug|Any CPU
		{282DD861-50BF-46DE-B7F0-EFEF74C10ACA}.Release|Any CPU.ActiveCfg = Release|Any CPU
		{282DD861-50BF-46DE-B7F0-EFEF74C10ACA}.Release|Any CPU.Build.0 = Release|Any CPU
		{9D49EFD8-CD2F-4CB3-A03A-A0DC753481E6}.Debug|Any CPU.ActiveCfg = Debug|Any CPU
		{9D49EFD8-CD2F-4CB3-A03A-A0DC753481E6}.Debug|Any CPU.Build.0 = Debug|Any CPU
		{9D49EFD8-CD2F-4CB3-A03A-A0DC753481E6}.Release|Any CPU.ActiveCfg = Release|Any CPU
		{9D49EFD8-CD2F-4CB3-A03A-A0DC753481E6}.Release|Any CPU.Build.0 = Release|Any CPU
		{C64D665A-52EB-4435-9A4F-DE37C9918049}.Debug|Any CPU.ActiveCfg = Debug|Any CPU
		{C64D665A-52EB-4435-9A4F-DE37C9918049}.Debug|Any CPU.Build.0 = Debug|Any CPU
		{C64D665A-52EB-4435-9A4F-DE37C9918049}.Release|Any CPU.ActiveCfg = Release|Any CPU
		{C64D665A-52EB-4435-9A4F-DE37C9918049}.Release|Any CPU.Build.0 = Release|Any CPU
		{D3DBF600-0C14-48A2-A5B8-C66C745FCFBE}.Debug|Any CPU.ActiveCfg = Debug|Any CPU
		{D3DBF600-0C14-48A2-A5B8-C66C745FCFBE}.Debug|Any CPU.Build.0 = Debug|Any CPU
		{D3DBF600-0C14-48A2-A5B8-C66C745FCFBE}.Release|Any CPU.ActiveCfg = Release|Any CPU
		{D3DBF600-0C14-48A2-A5B8-C66C745FCFBE}.Release|Any CPU.Build.0 = Release|Any CPU
		{D3F42B47-8DAA-467A-90F8-24FBB56440A8}.Debug|Any CPU.ActiveCfg = Debug|Any CPU
		{D3F42B47-8DAA-467A-90F8-24FBB56440A8}.Debug|Any CPU.Build.0 = Debug|Any CPU
		{D3F42B47-8DAA-467A-90F8-24FBB56440A8}.Release|Any CPU.ActiveCfg = Release|Any CPU
		{D3F42B47-8DAA-467A-90F8-24FBB56440A8}.Release|Any CPU.Build.0 = Release|Any CPU
		{F7165DB3-DDE2-40DB-A3B9-BA04FB235B57}.Debug|Any CPU.ActiveCfg = Debug|Any CPU
		{F7165DB3-DDE2-40DB-A3B9-BA04FB235B57}.Debug|Any CPU.Build.0 = Debug|Any CPU
		{F7165DB3-DDE2-40DB-A3B9-BA04FB235B57}.Release|Any CPU.ActiveCfg = Release|Any CPU
		{F7165DB3-DDE2-40DB-A3B9-BA04FB235B57}.Release|Any CPU.Build.0 = Release|Any CPU
		{6726D586-1485-4E94-BAB2-CF8257D23CB2}.Debug|Any CPU.ActiveCfg = Debug|Any CPU
		{6726D586-1485-4E94-BAB2-CF8257D23CB2}.Debug|Any CPU.Build.0 = Debug|Any CPU
		{6726D586-1485-4E94-BAB2-CF8257D23CB2}.Release|Any CPU.ActiveCfg = Release|Any CPU
		{6726D586-1485-4E94-BAB2-CF8257D23CB2}.Release|Any CPU.Build.0 = Release|Any CPU
		{6624D87B-9C88-4732-94C5-17C1E276F644}.Debug|Any CPU.ActiveCfg = Debug|Any CPU
		{6624D87B-9C88-4732-94C5-17C1E276F644}.Debug|Any CPU.Build.0 = Debug|Any CPU
		{6624D87B-9C88-4732-94C5-17C1E276F644}.Release|Any CPU.ActiveCfg = Release|Any CPU
		{6624D87B-9C88-4732-94C5-17C1E276F644}.Release|Any CPU.Build.0 = Release|Any CPU
		{9D99A542-E1A9-464C-AE6F-8F83AFAE09F4}.Debug|Any CPU.ActiveCfg = Debug|Any CPU
		{9D99A542-E1A9-464C-AE6F-8F83AFAE09F4}.Debug|Any CPU.Build.0 = Debug|Any CPU
		{9D99A542-E1A9-464C-AE6F-8F83AFAE09F4}.Release|Any CPU.ActiveCfg = Release|Any CPU
		{9D99A542-E1A9-464C-AE6F-8F83AFAE09F4}.Release|Any CPU.Build.0 = Release|Any CPU
		{23FE9A4D-D65E-42D6-B797-4B99C80A6733}.Debug|Any CPU.ActiveCfg = Debug|Any CPU
		{23FE9A4D-D65E-42D6-B797-4B99C80A6733}.Debug|Any CPU.Build.0 = Debug|Any CPU
		{23FE9A4D-D65E-42D6-B797-4B99C80A6733}.Release|Any CPU.ActiveCfg = Release|Any CPU
		{23FE9A4D-D65E-42D6-B797-4B99C80A6733}.Release|Any CPU.Build.0 = Release|Any CPU
		{B0701A7A-0164-47A0-8F61-023DA06D7D49}.Debug|Any CPU.ActiveCfg = Debug|Any CPU
		{B0701A7A-0164-47A0-8F61-023DA06D7D49}.Debug|Any CPU.Build.0 = Debug|Any CPU
		{B0701A7A-0164-47A0-8F61-023DA06D7D49}.Release|Any CPU.ActiveCfg = Release|Any CPU
		{B0701A7A-0164-47A0-8F61-023DA06D7D49}.Release|Any CPU.Build.0 = Release|Any CPU
		{AF9ADB59-2282-4D3B-BC93-30FADAB3407E}.Debug|Any CPU.ActiveCfg = Debug|Any CPU
		{AF9ADB59-2282-4D3B-BC93-30FADAB3407E}.Debug|Any CPU.Build.0 = Debug|Any CPU
		{AF9ADB59-2282-4D3B-BC93-30FADAB3407E}.Release|Any CPU.ActiveCfg = Release|Any CPU
		{AF9ADB59-2282-4D3B-BC93-30FADAB3407E}.Release|Any CPU.Build.0 = Release|Any CPU
		{84E844D8-B068-4B67-B088-3F5A71F3D51D}.Debug|Any CPU.ActiveCfg = Debug|Any CPU
		{84E844D8-B068-4B67-B088-3F5A71F3D51D}.Debug|Any CPU.Build.0 = Debug|Any CPU
		{84E844D8-B068-4B67-B088-3F5A71F3D51D}.Release|Any CPU.ActiveCfg = Release|Any CPU
		{84E844D8-B068-4B67-B088-3F5A71F3D51D}.Release|Any CPU.Build.0 = Release|Any CPU
		{7CE5EAD2-145C-4772-BCC2-919AE5ED9082}.Debug|Any CPU.ActiveCfg = Debug|Any CPU
		{7CE5EAD2-145C-4772-BCC2-919AE5ED9082}.Debug|Any CPU.Build.0 = Debug|Any CPU
		{7CE5EAD2-145C-4772-BCC2-919AE5ED9082}.Release|Any CPU.ActiveCfg = Release|Any CPU
		{7CE5EAD2-145C-4772-BCC2-919AE5ED9082}.Release|Any CPU.Build.0 = Release|Any CPU
	EndGlobalSection
	GlobalSection(SolutionProperties) = preSolution
		HideSolutionNode = FALSE
	EndGlobalSection
	GlobalSection(NestedProjects) = preSolution
		{3515F0BD-65A4-48A4-9032-BF75AC54F76A} = {B494CEC7-E45D-4ADA-B7A3-F54A30A39BFC}
		{71E35624-61DB-4DC0-A355-256B5AB3796B} = {F88FB1D5-FB03-4665-9973-580A0B627F60}
		{C5959883-A1F1-47F5-B44B-6ED301091BA0} = {25EA85A0-C280-47DF-998C-0C5FBF4AF65D}
		{59EB4286-2A2C-457A-BB2E-C0B06CEBC341} = {F88FB1D5-FB03-4665-9973-580A0B627F60}
		{CCAD03D5-0206-4778-8235-37252A21D861} = {F88FB1D5-FB03-4665-9973-580A0B627F60}
		{F8C7AC45-56CE-491E-9462-9426E130BCC5} = {F88FB1D5-FB03-4665-9973-580A0B627F60}
		{26EEDCDB-44F2-4E09-9E7F-8E54DC37F3EC} = {F88FB1D5-FB03-4665-9973-580A0B627F60}
		{52130EB7-2F63-4B1D-BE4B-622FDD688683} = {F88FB1D5-FB03-4665-9973-580A0B627F60}
		{95CBE637-73A5-4167-9011-86E1EF232846} = {25EA85A0-C280-47DF-998C-0C5FBF4AF65D}
		{3804C137-2724-48DE-B328-A842B08B3F60} = {B494CEC7-E45D-4ADA-B7A3-F54A30A39BFC}
		{8A44C11D-987C-4A8F-95F0-CE03C83E3D2B} = {F88FB1D5-FB03-4665-9973-580A0B627F60}
		{C21E8285-AF7F-4309-BD35-A699E2D63090} = {25EA85A0-C280-47DF-998C-0C5FBF4AF65D}
		{C6B88AE2-088C-4521-BDC6-ED3B80B63CF1} = {B494CEC7-E45D-4ADA-B7A3-F54A30A39BFC}
		{0FF938A7-D31D-4159-A303-40E7CF37E231} = {8ED38EB9-429B-4732-8FFB-71B8E187E8C5}
		{282DD861-50BF-46DE-B7F0-EFEF74C10ACA} = {8ED38EB9-429B-4732-8FFB-71B8E187E8C5}
		{9D49EFD8-CD2F-4CB3-A03A-A0DC753481E6} = {71951F05-05A1-4A71-94AC-21C3EC21AC31}
		{C64D665A-52EB-4435-9A4F-DE37C9918049} = {B494CEC7-E45D-4ADA-B7A3-F54A30A39BFC}
		{D3DBF600-0C14-48A2-A5B8-C66C745FCFBE} = {0C8FE01F-E3DE-404D-A68F-F47E36C240DF}
		{D3F42B47-8DAA-467A-90F8-24FBB56440A8} = {0C8FE01F-E3DE-404D-A68F-F47E36C240DF}
		{F7165DB3-DDE2-40DB-A3B9-BA04FB235B57} = {0C8FE01F-E3DE-404D-A68F-F47E36C240DF}
		{6726D586-1485-4E94-BAB2-CF8257D23CB2} = {F88FB1D5-FB03-4665-9973-580A0B627F60}
		{6624D87B-9C88-4732-94C5-17C1E276F644} = {71951F05-05A1-4A71-94AC-21C3EC21AC31}
		{9D99A542-E1A9-464C-AE6F-8F83AFAE09F4} = {E3C5A9C7-F0F9-442A-8332-4F7C4CD915EB}
		{23FE9A4D-D65E-42D6-B797-4B99C80A6733} = {B494CEC7-E45D-4ADA-B7A3-F54A30A39BFC}
		{B0701A7A-0164-47A0-8F61-023DA06D7D49} = {25EA85A0-C280-47DF-998C-0C5FBF4AF65D}
		{AF9ADB59-2282-4D3B-BC93-30FADAB3407E} = {25EA85A0-C280-47DF-998C-0C5FBF4AF65D}
	EndGlobalSection
	GlobalSection(ExtensibilityGlobals) = postSolution
		SolutionGuid = {63DE59C7-6576-4099-968F-6282EFFE8342}
	EndGlobalSection
EndGlobal
